Microsoft Visual Studio Solution File, Format Version 12.00

Project("{FAE04EC0-301F-11D3-BF4B-00C04F79EFBC}") = "SimpleSolution.Cli", "SimpleSolution.Cli\SimpleSolution.Cli.csproj", "{00000000-0000-3831-3535-383538383339}"
EndProject
Project("{FAE04EC0-301F-11D3-BF4B-00C04F79EFBC}") = "SimpleSolution.Core", "SimpleSolution.Core\SimpleSolution.Core.csproj", "{00000000-0000-372D-3038-343839313630}"
EndProject
Global
	GlobalSection(SolutionConfigurationPlatforms) = preSolution
		Debug|Any CPU = Debug|Any CPU
		Release|Any CPU = Release|Any CPU
	EndGlobalSection
	GlobalSection(SolutionProperties) = preSolution
		HideSolutionNode = FALSE
	EndGlobalSection
	GlobalSection(ProjectConfigurationPlatforms) = postSolution
		{00000000-0000-3831-3535-383538383339}.Debug|Any CPU.ActiveCfg = Debug|Any CPU
		{00000000-0000-3831-3535-383538383339}.Debug|Any CPU.Build.0 = Debug|Any CPU
		{00000000-0000-3831-3535-383538383339}.Release|Any CPU.ActiveCfg = Release|Any CPU
		{00000000-0000-3831-3535-383538383339}.Release|Any CPU.Build.0 = Release|Any CPU
		{00000000-0000-372D-3038-343839313630}.Debug|Any CPU.ActiveCfg = Debug|Any CPU
		{00000000-0000-372D-3038-343839313630}.Debug|Any CPU.Build.0 = Debug|Any CPU
		{00000000-0000-372D-3038-343839313630}.Release|Any CPU.ActiveCfg = Release|Any CPU
		{00000000-0000-372D-3038-343839313630}.Release|Any CPU.Build.0 = Release|Any CPU
	EndGlobalSection
	GlobalSection(NestedProjects) = preSolution

	EndGlobalSection
	GlobalSection(ExtensibilityGlobals) = postSolution
		SolutionGuid = {00000000-0000-3032-3136-313339303437}
	EndGlobalSection
EndGlobal